acquire_Cuomo_data:
  cmd: mkdir -p results/Cuomo/raw && cp inputs/SC_Cuomo-20210102T132349Z-001.zip results/Cuomo/raw/Cuomo.zip
  deps:
  - path: inputs/SC_Cuomo-20201211T162156Z-001.zip
    md5: 95a272eab3cff21ffaf2cdd3654c7ee3
    size: 19881785
  outs:
  - path: results/Cuomo/raw/Cuomo.zip
    md5: 74d363e079028ff436bf627f500d280e
    size: 46910902
inspect_utilities:
  cmd: mkdir -p results/tooling && singularity run --app specification toolbox/bin/utilities.sif
    >results/tooling/utilities.specification
  deps:
  - path: toolbox/bin/utilities.sif
    md5: dceb53b25918ab4aca820ab63c2a0d38
    size: 17100800
  outs:
  - path: results/tooling/utilities.specification
    md5: 917002724dbc39a7e5e1ca4f91964e5f
    size: 82
extract_Cuomo_data:
  cmd: singularity run toolbox/bin/utilities.sif unzip results/Cuomo/raw/Cuomo.zip
    -d results/Cuomo/raw
  deps:
  - path: results/Cuomo/raw/Cuomo.zip
    md5: 74d363e079028ff436bf627f500d280e
    size: 46910902
  - path: results/tooling/utilities.specification
    md5: 917002724dbc39a7e5e1ca4f91964e5f
    size: 82
  outs:
  - path: results/Cuomo/raw/SC_Cuomo
    md5: f0143ff3cb97ab3c5c3b9530b3ea3931.dir
    size: 446579167
    nfiles: 11
acquire_Yang_data:
  cmd: mkdir -p results/Yang/raw && cp inputs/bulk_Yang-20210102T132322Z-001.zip results/Yang/raw/Yang.zip
  deps:
  - path: inputs/bulk_Yang-20201211T162105Z-001.zip
    md5: bc4f71bf4af472c85698213a7550b000
    size: 5013715
  outs:
  - path: results/Yang/raw/Yang.zip
    md5: eb6b0d38d27b67d0b91f07621e339860
    size: 5013715
extract_Yang_data:
  cmd: singularity run toolbox/bin/utilities.sif unzip results/Yang/raw/Yang.zip -d
    results/Yang/raw
  deps:
  - path: results/Yang/raw/Yang.zip
    md5: eb6b0d38d27b67d0b91f07621e339860
    size: 5013715
  - path: results/tooling/utilities.specification
    md5: 917002724dbc39a7e5e1ca4f91964e5f
    size: 82
  outs:
  - path: results/Yang/raw/bulk_Yang
    md5: 717f50b83204bd005e95a81af740ab8d.dir
    size: 21588641
    nfiles: 11
clean_Yang_data:
  cmd: singularity run toolbox/bin/utilities.sif src/clean_Yang.sh results/Yang/raw/bulk_Yang
    results/Yang/clean
  deps:
  - path: results/Yang/raw/bulk_Yang
    md5: 717f50b83204bd005e95a81af740ab8d.dir
    size: 21588641
    nfiles: 11
  - path: results/tooling/utilities.specification
    md5: 917002724dbc39a7e5e1ca4f91964e5f
    size: 82
  - path: src/clean_Yang.sh
    md5: d55ec43240081dfa6bbbca42b5ec0903
    size: 403
  outs:
  - path: results/Yang/clean
    md5: f23b9caf389273d45067077efac43aa6.dir
    size: 19900176
    nfiles: 9
slice_Yang_data:
  cmd: singularity run toolbox/bin/utilities.sif src/slice.sh results/Yang/clean results/Yang/sliced
  deps:
  - path: results/Yang/clean
    md5: f23b9caf389273d45067077efac43aa6.dir
    size: 19900176
    nfiles: 9
  - path: results/tooling/utilities.specification
    md5: 917002724dbc39a7e5e1ca4f91964e5f
    size: 82
  - path: src/slice.sh
    md5: b8c2aebb69164ab9c85b755ae42ba22e
    size: 409
  outs:
  - path: results/Yang/sliced
    md5: adf110ad2c8a3552848e39dcc19346c9.dir
    size: 1460710
    nfiles: 20
inspect_Rmultitool:
  cmd: mkdir -p results/tooling && singularity run --app specification toolbox/bin/R-multitool.sif
    >results/tooling/R-multitool.specification
  deps:
  - path: toolbox/bin/R-multitool.sif
    md5: 6268f92cc3602aa18823fac9f61a2aeb
    size: 610344960
  outs:
  - path: results/tooling/R-multitool.specification
    md5: 7e195f103eefc670c45f7e526b4efd06
    size: 503
infer_Yang_LEAP:
  cmd: singularity exec toolbox/bin/R-multitool.sif sh src/infer_foreach_slice.sh
    results/Yang/sliced results/Yang/networks/LEAP logs/Yang/networks/LEAP Rscript
    src/LEAP/infer_network.R
  deps:
  - path: results/Yang/sliced
    md5: adf110ad2c8a3552848e39dcc19346c9.dir
    size: 1460710
    nfiles: 20
  - path: results/tooling/R-multitool.specification
    md5: 7e195f103eefc670c45f7e526b4efd06
    size: 503
  - path: src/LEAP
    md5: 08848b6ce98091f73fd0e5dee09be43d.dir
    size: 241
    nfiles: 1
  - path: src/infer_foreach_slice.sh
    md5: 9c99a0971465bf9fc4ded92167569400
    size: 1095
  outs:
  - path: results/Yang/networks/LEAP
    md5: 4394e2c5e5a5b65c26d87304dda0b6bf.dir
    size: 238024070
    nfiles: 20
clean_Cuomo_data:
  cmd: singularity run toolbox/bin/utilities.sif src/clean_Cuomo.sh results/Cuomo/raw/SC_Cuomo
    results/Cuomo/clean
  deps:
  - path: results/Cuomo/raw/SC_Cuomo
    md5: f0143ff3cb97ab3c5c3b9530b3ea3931.dir
    size: 446579167
    nfiles: 11
  - path: results/tooling/utilities.specification
    md5: 917002724dbc39a7e5e1ca4f91964e5f
    size: 82
  - path: src/clean_Cuomo.sh
    md5: d55ec43240081dfa6bbbca42b5ec0903
    size: 403
  outs:
  - path: results/Cuomo/clean
    md5: 6e96330dfec8e11476015e29313fefc6.dir
    size: 413958291
    nfiles: 7
slice_Cuomo_data:
  cmd: singularity run toolbox/bin/utilities.sif src/slice.sh results/Cuomo/clean
    results/Cuomo/sliced
  deps:
  - path: results/Cuomo/clean
    md5: 6e96330dfec8e11476015e29313fefc6.dir
    size: 413958291
    nfiles: 7
  - path: results/tooling/utilities.specification
    md5: 917002724dbc39a7e5e1ca4f91964e5f
    size: 82
  - path: src/slice.sh
    md5: b8c2aebb69164ab9c85b755ae42ba22e
    size: 409
  outs:
  - path: results/Cuomo/sliced
    md5: 3bdc8ba034659c77a0e17891566abf53.dir
    size: 10114995
    nfiles: 12
inspect_NetworkInferenceJl:
  cmd: mkdir -p results/tooling && singularity run --app specification toolbox/bin/NetworkInference.jl.sif
    >results/tooling/NetworkInference.jl.specification
  deps:
  - path: toolbox/bin/NetworkInference.jl.sif
    md5: 96dac49d993f9d0fd6b2525c4d93a7b1
    size: 369987584
  outs:
  - path: results/tooling/NetworkInference.jl.specification
    md5: cf4330589c6b6b0986a8721641652bf3
    size: 373
infer_Cuomo_NetworkInferenceJl_PIDC:
  cmd: singularity exec toolbox/bin/NetworkInference.jl.sif sh src/infer_foreach_slice.sh
    results/Cuomo/sliced results/Cuomo/networks/NetworkInference.jl/PIDC logs/Cuomo/networks/NetworkInference.jl/PIDC
    julia src/NetworkInference.jl/infer_network.jl PIDC
  deps:
  - path: results/Cuomo/sliced
    md5: 3bdc8ba034659c77a0e17891566abf53.dir
    size: 10114995
    nfiles: 12
  - path: results/tooling/NetworkInference.jl.specification
    md5: cf4330589c6b6b0986a8721641652bf3
    size: 373
  - path: src/NetworkInference.jl
    md5: c238c0ef87689cb377e3ced160111648.dir
    size: 371
    nfiles: 1
  - path: src/infer_foreach_slice.sh
    md5: 9c99a0971465bf9fc4ded92167569400
    size: 1095
  outs:
  - path: results/Cuomo/networks/NetworkInference.jl/PIDC
    md5: de2a6ebe927e362681fc73dc4206a0fb.dir
    size: 16526156
    nfiles: 12
infer_Cuomo_NetworkInferenceJl_MI:
  cmd: singularity exec toolbox/bin/NetworkInference.jl.sif sh src/infer_foreach_slice.sh
    results/Cuomo/sliced results/Cuomo/networks/NetworkInference.jl/MI logs/Cuomo/networks/NetworkInference.jl/MI
    julia src/NetworkInference.jl/infer_network.jl MI
  deps:
  - path: results/Cuomo/sliced
    md5: 3bdc8ba034659c77a0e17891566abf53.dir
    size: 10114995
    nfiles: 12
  - path: results/tooling/NetworkInference.jl.specification
    md5: cf4330589c6b6b0986a8721641652bf3
    size: 373
  - path: src/NetworkInference.jl
    md5: c238c0ef87689cb377e3ced160111648.dir
    size: 371
    nfiles: 1
  - path: src/infer_foreach_slice.sh
    md5: 9c99a0971465bf9fc4ded92167569400
    size: 1095
  outs:
  - path: results/Cuomo/networks/NetworkInference.jl/MI
    md5: 02c503bc47a02e5ae7ad3e18bf0ce870.dir
    size: 16866328
    nfiles: 12
infer_Yang_NetworkInferenceJl_CLR:
  cmd: singularity exec toolbox/bin/NetworkInference.jl.sif sh src/infer_foreach_slice.sh
    results/Yang/sliced results/Yang/networks/NetworkInference.jl/CLR logs/Yang/networks/NetworkInference.jl/CLR
    julia src/NetworkInference.jl/infer_network.jl CLR
  deps:
  - path: results/Yang/sliced
    md5: adf110ad2c8a3552848e39dcc19346c9.dir
    size: 1460710
    nfiles: 20
  - path: results/tooling/NetworkInference.jl.specification
    md5: cf4330589c6b6b0986a8721641652bf3
    size: 373
  - path: src/NetworkInference.jl
    md5: c238c0ef87689cb377e3ced160111648.dir
    size: 371
    nfiles: 1
  - path: src/infer_foreach_slice.sh
    md5: 9c99a0971465bf9fc4ded92167569400
    size: 1095
  outs:
  - path: results/Yang/networks/NetworkInference.jl/CLR
    md5: e27f55d6226b78dd88659ddab06e12f3.dir
    size: 227859490
    nfiles: 20
infer_Yang_NetworkInferenceJl_PIDC:
  cmd: singularity exec toolbox/bin/NetworkInference.jl.sif sh src/infer_foreach_slice.sh
    results/Yang/sliced results/Yang/networks/NetworkInference.jl/PIDC logs/Yang/networks/NetworkInference.jl/PIDC
    julia src/NetworkInference.jl/infer_network.jl PIDC
  deps:
  - path: results/Yang/sliced
    md5: adf110ad2c8a3552848e39dcc19346c9.dir
    size: 1460710
    nfiles: 20
  - path: results/tooling/NetworkInference.jl.specification
    md5: cf4330589c6b6b0986a8721641652bf3
    size: 373
  - path: src/NetworkInference.jl
    md5: c238c0ef87689cb377e3ced160111648.dir
    size: 371
    nfiles: 1
  - path: src/infer_foreach_slice.sh
    md5: 9c99a0971465bf9fc4ded92167569400
    size: 1095
  outs:
  - path: results/Yang/networks/NetworkInference.jl/PIDC
    md5: 898c325c532851f533dc9918e2b90382.dir
    size: 237285580
    nfiles: 20
infer_Cuomo_NetworkInferenceJl_PUC:
  cmd: singularity exec toolbox/bin/NetworkInference.jl.sif sh src/infer_foreach_slice.sh
    results/Cuomo/sliced results/Cuomo/networks/NetworkInference.jl/PUC logs/Cuomo/networks/NetworkInference.jl/PUC
    julia src/NetworkInference.jl/infer_network.jl PUC
  deps:
  - path: results/Cuomo/sliced
    md5: 3bdc8ba034659c77a0e17891566abf53.dir
    size: 10114995
    nfiles: 12
  - path: results/tooling/NetworkInference.jl.specification
    md5: cf4330589c6b6b0986a8721641652bf3
    size: 373
  - path: src/NetworkInference.jl
    md5: c238c0ef87689cb377e3ced160111648.dir
    size: 371
    nfiles: 1
  - path: src/infer_foreach_slice.sh
    md5: 9c99a0971465bf9fc4ded92167569400
    size: 1095
  outs:
  - path: results/Cuomo/networks/NetworkInference.jl/PUC
    md5: 1c7b28234a22e08cdd7a5a04ca544b38.dir
    size: 16346036
    nfiles: 12
infer_Cuomo_LEAP:
  cmd: singularity exec toolbox/bin/R-multitool.sif sh src/infer_foreach_slice.sh
    results/Cuomo/sliced results/Cuomo/networks/LEAP logs/Cuomo/networks/LEAP Rscript
    src/LEAP/infer_network.R
  deps:
  - path: results/Cuomo/sliced
    md5: 3bdc8ba034659c77a0e17891566abf53.dir
    size: 10114995
    nfiles: 12
  - path: results/tooling/R-multitool.specification
    md5: 7e195f103eefc670c45f7e526b4efd06
    size: 503
  - path: src/LEAP
    md5: 08848b6ce98091f73fd0e5dee09be43d.dir
    size: 241
    nfiles: 1
  - path: src/infer_foreach_slice.sh
    md5: 9c99a0971465bf9fc4ded92167569400
    size: 1095
  outs:
  - path: results/Cuomo/networks/LEAP
    md5: d105a43aede9b053bdafd943e6e3d5c2.dir
    size: 13528332
    nfiles: 12
inspect_arboreto:
  cmd: mkdir -p results/tooling && singularity run --app specification toolbox/bin/arboreto.sif
    >results/tooling/arboreto.specification
  deps:
  - path: toolbox/bin/arboreto.sif
    md5: 9dafa3b056638c5b9bf7f167c2193e9b
    size: 1117700096
  outs:
  - path: results/tooling/arboreto.specification
    md5: 2bf56055366a085581eed1247b4b0742
    size: 162
infer_Cuomo_GENIE3R:
  cmd: singularity exec toolbox/bin/R-multitool.sif sh src/infer_foreach_slice.sh
    results/Cuomo/sliced results/Cuomo/networks/GENIE3-R logs/Cuomo/networks/GENIE3-R
    Rscript src/GENIE3-R/infer_network.R
  deps:
  - path: results/Cuomo/sliced
    md5: 3bdc8ba034659c77a0e17891566abf53.dir
    size: 10114995
    nfiles: 12
  - path: results/tooling/R-multitool.specification
    md5: 7e195f103eefc670c45f7e526b4efd06
    size: 503
  - path: src/GENIE3-R
    md5: a5df150e6e7d5e031ba6de4be3c27d86.dir
    size: 238
    nfiles: 1
  - path: src/infer_foreach_slice.sh
    md5: 9c99a0971465bf9fc4ded92167569400
    size: 1095
  outs:
  - path: results/Cuomo/networks/GENIE3-R
    md5: baaf18d25c81fa1e519ac5f60e98b095.dir
    size: 6477588
    nfiles: 12
infer_Yang_NetworkInferenceJl_MI:
  cmd: singularity exec toolbox/bin/NetworkInference.jl.sif sh src/infer_foreach_slice.sh
    results/Yang/sliced results/Yang/networks/NetworkInference.jl/MI logs/Yang/networks/NetworkInference.jl/MI
    julia src/NetworkInference.jl/infer_network.jl MI
  deps:
  - path: results/Yang/sliced
    md5: adf110ad2c8a3552848e39dcc19346c9.dir
    size: 1460710
    nfiles: 20
  - path: results/tooling/NetworkInference.jl.specification
    md5: cf4330589c6b6b0986a8721641652bf3
    size: 373
  - path: src/NetworkInference.jl
    md5: c238c0ef87689cb377e3ced160111648.dir
    size: 371
    nfiles: 1
  - path: src/infer_foreach_slice.sh
    md5: 9c99a0971465bf9fc4ded92167569400
    size: 1095
  outs:
  - path: results/Yang/networks/NetworkInference.jl/MI
    md5: 78db3f4ed45167a4d6e18cb8a9187bd7.dir
    size: 245381428
    nfiles: 20
infer_Yang_NetworkInferenceJl_PUC:
  cmd: singularity exec toolbox/bin/NetworkInference.jl.sif sh src/infer_foreach_slice.sh
    results/Yang/sliced results/Yang/networks/NetworkInference.jl/PUC logs/Yang/networks/NetworkInference.jl/PUC
    julia src/NetworkInference.jl/infer_network.jl PUC
  deps:
  - path: results/Yang/sliced
    md5: adf110ad2c8a3552848e39dcc19346c9.dir
    size: 1460710
    nfiles: 20
  - path: results/tooling/NetworkInference.jl.specification
    md5: cf4330589c6b6b0986a8721641652bf3
    size: 373
  - path: src/NetworkInference.jl
    md5: c238c0ef87689cb377e3ced160111648.dir
    size: 371
    nfiles: 1
  - path: src/infer_foreach_slice.sh
    md5: 9c99a0971465bf9fc4ded92167569400
    size: 1095
  outs:
  - path: results/Yang/networks/NetworkInference.jl/PUC
    md5: 7b08ca470d6b3b7ea2c2b3a973ec7715.dir
    size: 241287372
    nfiles: 20
infer_Cuomo_NetworkInferenceJl_CLR:
  cmd: singularity exec toolbox/bin/NetworkInference.jl.sif sh src/infer_foreach_slice.sh
    results/Cuomo/sliced results/Cuomo/networks/NetworkInference.jl/CLR logs/Cuomo/networks/NetworkInference.jl/CLR
    julia src/NetworkInference.jl/infer_network.jl CLR
  deps:
  - path: results/Cuomo/sliced
    md5: 3bdc8ba034659c77a0e17891566abf53.dir
    size: 10114995
    nfiles: 12
  - path: results/tooling/NetworkInference.jl.specification
    md5: cf4330589c6b6b0986a8721641652bf3
    size: 373
  - path: src/NetworkInference.jl
    md5: c238c0ef87689cb377e3ced160111648.dir
    size: 371
    nfiles: 1
  - path: src/infer_foreach_slice.sh
    md5: 9c99a0971465bf9fc4ded92167569400
    size: 1095
  outs:
  - path: results/Cuomo/networks/NetworkInference.jl/CLR
    md5: 25ae3fe5b43fb936f23a560b1ace7301.dir
    size: 14534122
    nfiles: 12
infer_Yang_GENIE3R:
  cmd: singularity exec toolbox/bin/R-multitool.sif sh src/infer_foreach_slice.sh
    results/Yang/sliced results/Yang/networks/GENIE3-R logs/Yang/networks/GENIE3-R
    Rscript src/GENIE3-R/infer_network.R
  deps:
  - path: results/Yang/sliced
    md5: adf110ad2c8a3552848e39dcc19346c9.dir
    size: 1460710
    nfiles: 20
  - path: results/tooling/R-multitool.specification
    md5: 7e195f103eefc670c45f7e526b4efd06
    size: 503
  - path: src/GENIE3-R
    md5: a5df150e6e7d5e031ba6de4be3c27d86.dir
    size: 238
    nfiles: 1
  - path: src/infer_foreach_slice.sh
    md5: 9c99a0971465bf9fc4ded92167569400
    size: 1095
  outs:
  - path: results/Yang/networks/GENIE3-R
    md5: 7b1faf0d86c290e9e5ba72cf3381a90d.dir
    size: 100127255
    nfiles: 20
