acquire_Cuomo_data:
  cmd: mkdir -p results/Cuomo/raw && cp inputs/SC_Cuomo-20210102T132349Z-001.zip results/Cuomo/raw/Cuomo.zip
  deps:
  - path: inputs/SC_Cuomo-20201211T162156Z-001.zip
    md5: 95a272eab3cff21ffaf2cdd3654c7ee3
    size: 19881785
  outs:
  - path: results/Cuomo/raw/Cuomo.zip
    md5: 74d363e079028ff436bf627f500d280e
    size: 46910902
extract_Cuomo_data:
  cmd: singularity run toolbox/bin/utilities.sif unzip results/Cuomo/raw/Cuomo.zip
    -d results/Cuomo/raw
  deps:
  - path: results/Cuomo/raw/Cuomo.zip
    md5: 74d363e079028ff436bf627f500d280e
    size: 46910902
  - path: toolbox/bin/utilities.tag
    md5: 145f21d43f221743576ec42be098a894
    size: 82
  outs:
  - path: results/Cuomo/raw/SC_Cuomo
    md5: f0143ff3cb97ab3c5c3b9530b3ea3931.dir
    size: 446579167
    nfiles: 11
acquire_Yang_data:
  cmd: mkdir -p results/Yang/raw && cp inputs/bulk_Yang-20210102T132322Z-001.zip results/Yang/raw/Yang.zip
  deps:
  - path: inputs/bulk_Yang-20201211T162105Z-001.zip
    md5: bc4f71bf4af472c85698213a7550b000
    size: 5013715
  outs:
  - path: results/Yang/raw/Yang.zip
    md5: eb6b0d38d27b67d0b91f07621e339860
    size: 5013715
extract_Yang_data:
  cmd: singularity run toolbox/bin/utilities.sif unzip results/Yang/raw/Yang.zip -d
    results/Yang/raw
  deps:
  - path: results/Yang/raw/Yang.zip
    md5: eb6b0d38d27b67d0b91f07621e339860
    size: 5013715
  - path: toolbox/bin/utilities.tag
    md5: 145f21d43f221743576ec42be098a894
    size: 82
  outs:
  - path: results/Yang/raw/bulk_Yang
    md5: 717f50b83204bd005e95a81af740ab8d.dir
    size: 21588641
    nfiles: 11
clean_Yang_data:
  cmd: singularity run toolbox/bin/utilities.sif src/clean_Yang.sh results/Yang/raw/bulk_Yang
    results/Yang/clean
  deps:
  - path: results/Yang/raw/bulk_Yang
    md5: 717f50b83204bd005e95a81af740ab8d.dir
    size: 21588641
    nfiles: 11
  - path: src/clean_Yang.sh
    md5: d55ec43240081dfa6bbbca42b5ec0903
    size: 403
  - path: toolbox/bin/utilities.tag
    md5: 145f21d43f221743576ec42be098a894
    size: 82
  outs:
  - path: results/Yang/clean
    md5: f23b9caf389273d45067077efac43aa6.dir
    size: 19900176
    nfiles: 9
clean_Cuomo_data:
  cmd: singularity run toolbox/bin/utilities.sif src/clean_Cuomo.sh results/Cuomo/raw/SC_Cuomo
    results/Cuomo/clean
  deps:
  - path: results/Cuomo/raw/SC_Cuomo
    md5: f0143ff3cb97ab3c5c3b9530b3ea3931.dir
    size: 446579167
    nfiles: 11
  - path: src/clean_Cuomo.sh
    md5: d55ec43240081dfa6bbbca42b5ec0903
    size: 403
  - path: toolbox/bin/utilities.tag
    md5: 145f21d43f221743576ec42be098a894
    size: 82
  outs:
  - path: results/Cuomo/clean
    md5: 6e96330dfec8e11476015e29313fefc6.dir
    size: 413958291
    nfiles: 7
slice_Yang_data:
  cmd: singularity run toolbox/bin/utilities.sif src/slice.sh results/Yang/clean results/Yang/sliced
  deps:
  - path: results/Yang/clean
    md5: f23b9caf389273d45067077efac43aa6.dir
    size: 19900176
    nfiles: 9
  - path: src/slice.sh
    md5: b8c2aebb69164ab9c85b755ae42ba22e
    size: 409
  - path: toolbox/bin/utilities.tag
    md5: 145f21d43f221743576ec42be098a894
    size: 82
  outs:
  - path: results/Yang/sliced
    md5: adf110ad2c8a3552848e39dcc19346c9.dir
    size: 1460710
    nfiles: 20
slice_Cuomo_data:
  cmd: singularity run toolbox/bin/utilities.sif src/slice.sh results/Cuomo/clean
    results/Cuomo/sliced
  deps:
  - path: results/Cuomo/clean
    md5: 6e96330dfec8e11476015e29313fefc6.dir
    size: 413958291
    nfiles: 7
  - path: src/slice.sh
    md5: b8c2aebb69164ab9c85b755ae42ba22e
    size: 409
  - path: toolbox/bin/utilities.tag
    md5: 145f21d43f221743576ec42be098a894
    size: 82
  outs:
  - path: results/Cuomo/sliced
    md5: 3bdc8ba034659c77a0e17891566abf53.dir
    size: 10114995
    nfiles: 12
infer_Yang_NetworkInferenceJl_PIDC:
  cmd: singularity exec toolbox/bin/PIDC.sif sh src/NetworkInference.jl/infer_networks.sh
    PIDC results/Yang/sliced results/Yang/networks/NetworkInference.jl/PIDC
  deps:
  - path: results/Yang/sliced
    md5: adf110ad2c8a3552848e39dcc19346c9.dir
    size: 1460710
    nfiles: 20
  - path: src/NetworkInference.jl
    md5: 768580dd23e863dafa2271c32a3b2087.dir
    size: 748
    nfiles: 2
  - path: toolbox/bin/PIDC.tag
    md5: c266813fb21afe0005dc3b6da2109649
    size: 358
  outs:
  - path: results/Yang/networks/NetworkInference.jl/PIDC
    md5: 00c5f48e7ecf03dfd8252425aa963783.dir
    size: 466079358
    nfiles: 60
infer_Yang_NetworkInferenceJl_CLR:
  cmd: singularity exec toolbox/bin/PIDC.sif sh src/NetworkInference.jl/infer_networks.sh
    CLR results/Yang/sliced results/Yang/networks/NetworkInference.jl/CLR
  deps:
  - path: results/Yang/sliced
    md5: adf110ad2c8a3552848e39dcc19346c9.dir
    size: 1460710
    nfiles: 20
  - path: src/NetworkInference.jl
    md5: 768580dd23e863dafa2271c32a3b2087.dir
    size: 748
    nfiles: 2
  - path: toolbox/bin/PIDC.tag
    md5: c266813fb21afe0005dc3b6da2109649
    size: 358
  outs:
  - path: results/Yang/networks/NetworkInference.jl/CLR
    md5: 05453e4b6340a637c3835930f670b354.dir
    size: 227862355
    nfiles: 60
infer_Yang_NetworkInferenceJl_MI:
  cmd: singularity exec toolbox/bin/PIDC.sif sh src/NetworkInference.jl/infer_networks.sh
    MI results/Yang/sliced results/Yang/networks/NetworkInference.jl/MI
  deps:
  - path: results/Yang/sliced
    md5: adf110ad2c8a3552848e39dcc19346c9.dir
    size: 1460710
    nfiles: 20
  - path: src/NetworkInference.jl
    md5: 768580dd23e863dafa2271c32a3b2087.dir
    size: 748
    nfiles: 2
  - path: toolbox/bin/PIDC.tag
    md5: c266813fb21afe0005dc3b6da2109649
    size: 358
  outs:
  - path: results/Yang/networks/NetworkInference.jl/MI
    md5: 2f22f0357aa26af78f62e06e8770ca5a.dir
    size: 245384257
    nfiles: 60
infer_Cuomo_NetworkInferenceJl_MI:
  cmd: singularity exec toolbox/bin/PIDC.sif sh src/NetworkInference.jl/infer_networks.sh
    MI results/Cuomo/sliced results/Cuomo/networks/NetworkInference.jl/MI
  deps:
  - path: results/Cuomo/sliced
    md5: 3bdc8ba034659c77a0e17891566abf53.dir
    size: 10114995
    nfiles: 12
  - path: src/NetworkInference.jl
    md5: 768580dd23e863dafa2271c32a3b2087.dir
    size: 748
    nfiles: 2
  - path: toolbox/bin/PIDC.tag
    md5: c266813fb21afe0005dc3b6da2109649
    size: 358
  outs:
  - path: results/Cuomo/networks/NetworkInference.jl/MI
    md5: 3769528d58a0d4e939a260b1c6117d33.dir
    size: 16868038
    nfiles: 36
infer_Cuomo_NetworkInferenceJl_PIDC:
  cmd: singularity exec toolbox/bin/PIDC.sif sh src/NetworkInference.jl/infer_networks.sh
    PIDC results/Cuomo/sliced results/Cuomo/networks/NetworkInference.jl/PIDC
  deps:
  - path: results/Cuomo/sliced
    md5: 3bdc8ba034659c77a0e17891566abf53.dir
    size: 10114995
    nfiles: 12
  - path: src/NetworkInference.jl
    md5: 768580dd23e863dafa2271c32a3b2087.dir
    size: 748
    nfiles: 2
  - path: toolbox/bin/PIDC.tag
    md5: c266813fb21afe0005dc3b6da2109649
    size: 358
  outs:
  - path: results/Cuomo/networks/NetworkInference.jl/PIDC
    md5: ebb2977e309ce3126f5d9cbcf968899d.dir
    size: 16527847
    nfiles: 36
infer_Yang_NetworkInferenceJl_PUC:
  cmd: singularity exec toolbox/bin/PIDC.sif sh src/NetworkInference.jl/infer_networks.sh
    PUC results/Yang/sliced results/Yang/networks/NetworkInference.jl/PUC
  deps:
  - path: results/Yang/sliced
    md5: adf110ad2c8a3552848e39dcc19346c9.dir
    size: 1460710
    nfiles: 20
  - path: src/NetworkInference.jl
    md5: 768580dd23e863dafa2271c32a3b2087.dir
    size: 748
    nfiles: 2
  - path: toolbox/bin/PIDC.tag
    md5: c266813fb21afe0005dc3b6da2109649
    size: 358
  outs:
  - path: results/Yang/networks/NetworkInference.jl/PUC
    md5: 9307bff5ba846678943212ee4eb33232.dir
    size: 241290177
    nfiles: 60
infer_Cuomo_NetworkInferenceJl_PUC:
  cmd: singularity exec toolbox/bin/PIDC.sif sh src/NetworkInference.jl/infer_networks.sh
    PUC results/Cuomo/sliced results/Cuomo/networks/NetworkInference.jl/PUC
  deps:
  - path: results/Cuomo/sliced
    md5: 3bdc8ba034659c77a0e17891566abf53.dir
    size: 10114995
    nfiles: 12
  - path: src/NetworkInference.jl
    md5: 768580dd23e863dafa2271c32a3b2087.dir
    size: 748
    nfiles: 2
  - path: toolbox/bin/PIDC.tag
    md5: c266813fb21afe0005dc3b6da2109649
    size: 358
  outs:
  - path: results/Cuomo/networks/NetworkInference.jl/PUC
    md5: b02a88fba496629b70b79a0ff5b2a28d.dir
    size: 16347720
    nfiles: 36
infer_Cuomo_NetworkInferenceJl_CLR:
  cmd: singularity exec toolbox/bin/PIDC.sif sh src/NetworkInference.jl/infer_networks.sh
    CLR results/Cuomo/sliced results/Cuomo/networks/NetworkInference.jl/CLR
  deps:
  - path: results/Cuomo/sliced
    md5: 3bdc8ba034659c77a0e17891566abf53.dir
    size: 10114995
    nfiles: 12
  - path: src/NetworkInference.jl
    md5: 768580dd23e863dafa2271c32a3b2087.dir
    size: 748
    nfiles: 2
  - path: toolbox/bin/PIDC.tag
    md5: c266813fb21afe0005dc3b6da2109649
    size: 358
  outs:
  - path: results/Cuomo/networks/NetworkInference.jl/CLR
    md5: ad43abf2b6f1c62934f90771d0fe87c8.dir
    size: 14535821
    nfiles: 36
